
Microsoft Visual Studio Solution File, Format Version 12.00
# Visual Studio Version 16
VisualStudioVersion = 16.0.33423.256
MinimumVisualStudioVersion = 10.0.40219.1
Project("{2150E333-8FDC-42A3-9474-1A3956D46DE8}") = "Solution Items", "Solution Items", "{A4C491BD-448C-431E-B714-91A31EFF505A}"
	ProjectSection(SolutionItems) = preProject
		.gitignore = .gitignore
	EndProjectSection
EndProject
Project("{FAE04EC0-301F-11D3-BF4B-00C04F79EFBC}") = "AutoDock", "AutoDock\AutoDock.csproj", "{F769CC87-1C55-43DF-A79A-08E0485E9C8D}"
EndProject
Project("{FAE04EC0-301F-11D3-BF4B-00C04F79EFBC}") = "AutoRename", "AutoRename\AutoRename.csproj", "{7D925FE9-B3E5-431C-85C1-BC8CC748AF89}"
EndProject
Project("{FAE04EC0-301F-11D3-BF4B-00C04F79EFBC}") = "PowerGenerationManager", "PowerGenerationManager\PowerGenerationManager.csproj", "{CE8C33DB-3A59-475C-B86E-5F6FB28C965B}"
EndProject
Project("{FAE04EC0-301F-11D3-BF4B-00C04F79EFBC}") = "DeployFlares", "DeployFlares\DeployFlares.csproj", "{C2CE2A30-476F-4BE7-BACF-ACB08A7B5AE0}"
EndProject
Project("{FAE04EC0-301F-11D3-BF4B-00C04F79EFBC}") = "AssembleProjectionComponents", "AssembleProjectionComponents\AssembleProjectionComponents.csproj", "{9198A134-4BBC-4C82-B6D4-998A5A738A09}"
EndProject
Project("{FAE04EC0-301F-11D3-BF4B-00C04F79EFBC}") = "DeployBeacon", "DeployBeacon\DeployBeacon.csproj", "{A20D437B-A4A9-4C43-BF52-4CB444FAD430}"
EndProject
Project("{FAE04EC0-301F-11D3-BF4B-00C04F79EFBC}") = "RemoteDoorListener", "RemoteDoorListener\RemoteDoorListener.csproj", "{3F34BDAA-9CB3-4022-81D7-8AA7667B6499}"
EndProject
Project("{FAE04EC0-301F-11D3-BF4B-00C04F79EFBC}") = "RemoteDoorController", "RemoteDoorController\RemoteDoorController.csproj", "{00E0662F-595A-42D0-9469-BB4C336DAF5D}"
EndProject
Global
	GlobalSection(SolutionConfigurationPlatforms) = preSolution
		Debug|x64 = Debug|x64
	EndGlobalSection
	GlobalSection(ProjectConfigurationPlatforms) = postSolution
		{F769CC87-1C55-43DF-A79A-08E0485E9C8D}.Debug|x64.ActiveCfg = Debug|x64
		{F769CC87-1C55-43DF-A79A-08E0485E9C8D}.Debug|x64.Build.0 = Debug|x64
		{7D925FE9-B3E5-431C-85C1-BC8CC748AF89}.Debug|x64.ActiveCfg = Debug|x64
		{7D925FE9-B3E5-431C-85C1-BC8CC748AF89}.Debug|x64.Build.0 = Debug|x64
		{CE8C33DB-3A59-475C-B86E-5F6FB28C965B}.Debug|x64.ActiveCfg = Debug|x64
		{CE8C33DB-3A59-475C-B86E-5F6FB28C965B}.Debug|x64.Build.0 = Debug|x64
		{C2CE2A30-476F-4BE7-BACF-ACB08A7B5AE0}.Debug|x64.ActiveCfg = Debug|x64
		{C2CE2A30-476F-4BE7-BACF-ACB08A7B5AE0}.Debug|x64.Build.0 = Debug|x64
		{9198A134-4BBC-4C82-B6D4-998A5A738A09}.Debug|x64.ActiveCfg = Debug|x64
		{9198A134-4BBC-4C82-B6D4-998A5A738A09}.Debug|x64.Build.0 = Debug|x64
		{A20D437B-A4A9-4C43-BF52-4CB444FAD430}.Debug|x64.ActiveCfg = Debug|x64
		{A20D437B-A4A9-4C43-BF52-4CB444FAD430}.Debug|x64.Build.0 = Debug|x64
		{3F34BDAA-9CB3-4022-81D7-8AA7667B6499}.Debug|x64.ActiveCfg = Debug|x64
		{3F34BDAA-9CB3-4022-81D7-8AA7667B6499}.Debug|x64.Build.0 = Debug|x64
		{00E0662F-595A-42D0-9469-BB4C336DAF5D}.Debug|x64.ActiveCfg = Debug|x64
		{00E0662F-595A-42D0-9469-BB4C336DAF5D}.Debug|x64.Build.0 = Debug|x64
	EndGlobalSection
	GlobalSection(SolutionProperties) = preSolution
		HideSolutionNode = FALSE
	EndGlobalSection
	GlobalSection(ExtensibilityGlobals) = postSolution
		SolutionGuid = {B4085B8C-D3CF-40B6-ADD5-7BB1C87876F2}
	EndGlobalSection
EndGlobal
